<?xml version="1.0" encoding="utf-8"?>
<Project ToolsVersion="4.0" xmlns="http://schemas.microsoft.com/developer/msbuild/2003">
  <ItemGroup>
    <Filter Include="Source Files">
      <UniqueIdentifier>{4FC737F1-C7A5-4376-A066-2A32D752A2FF}</UniqueIdentifier>
      <Extensions>cpp;cxx;c;def</Extensions>
    </Filter>
    <Filter Include="Header Files">
      <UniqueIdentifier>{93995380-89BD-4b04-88EB-625FBE52EBFB}</UniqueIdentifier>
      <Extensions>h</Extensions>
    </Filter>
    <Filter Include="Form Files">
      <UniqueIdentifier>{99349809-55BA-4b9d-BF79-8FDBB0286EB3}</UniqueIdentifier>
      <Extensions>ui</Extensions>
    </Filter>
    <Filter Include="Resource Files">
      <UniqueIdentifier>{D9D6E242-F8AF-46E4-B9FD-80ECBC20BA3E}</UniqueIdentifier>
      <Extensions>qrc;*</Extensions>
      <ParseFiles>false</ParseFiles>
    </Filter>
    <Filter Include="Generated Files">
      <UniqueIdentifier>{71ED8ED8-ACB9-4CE9-BBE1-E00B30144E11}</UniqueIdentifier>
      <Extensions>moc;h;cpp</Extensions>
      <SourceControlFiles>False</SourceControlFiles>
    </Filter>
    <Filter Include="Generated Files\Debug">
      <UniqueIdentifier>{a1dab851-346d-46a3-8539-a40b2c2b3b74}</UniqueIdentifier>
      <Extensions>cpp;moc</Extensions>
      <SourceControlFiles>False</SourceControlFiles>
    </Filter>
    <Filter Include="Generated Files\Release">
      <UniqueIdentifier>{7c6a109e-9c5b-4a38-a5cc-5820e71176b8}</UniqueIdentifier>
      <Extensions>cpp;moc</Extensions>
      <SourceControlFiles>False</SourceControlFiles>
    </Filter>
  </ItemGroup>
  <ItemGroup>
    <ClCompile Include="main.cpp">
      <Filter>Source Files</Filter>
    </ClCompile>
    <ClCompile Include="qt484.cpp">
      <Filter>Source Files</Filter>
    </ClCompile>
    <ClCompile Include="GeneratedFiles\Debug\moc_qt484.cpp">
      <Filter>Generated Files\Debug</Filter>
    </ClCompile>
    <ClCompile Include="GeneratedFiles\Release\moc_qt484.cpp">
      <Filter>Generated Files\Release</Filter>
    </ClCompile>
    <ClCompile Include="GeneratedFiles\qrc_qt484.cpp">
      <Filter>Generated Files</Filter>
    </ClCompile>
  </ItemGroup>
  <ItemGroup>
    <CustomBuild Include="qt484.h">
      <Filter>Header Files</Filter>
    </CustomBuild>
    <CustomBuild Include="qt484.ui">
      <Filter>Form Files</Filter>
    </CustomBuild>
    <CustomBuild Include="qt484.qrc">
      <Filter>Resource Files</Filter>
    </CustomBuild>
  </ItemGroup>
  <ItemGroup>
    <ClInclude Include="GeneratedFiles\ui_qt484.h">
      <Filter>Generated Files</Filter>
    </ClInclude>
    <ClInclude Include="resource.h">
      <Filter>Header Files</Filter>
    </ClInclude>
  </ItemGroup>
  <ItemGroup>
    <None Include="Resources\icon\clear.png">
      <Filter>Resource Files</Filter>
    </None>
    <None Include="Resources\icon\copy.png">
      <Filter>Resource Files</Filter>
    </None>
    <None Include="Resources\icon\cut.png">
      <Filter>Resource Files</Filter>
    </None>
    <None Include="Resources\icon\find.png">
      <Filter>Resource Files</Filter>
    </None>
    <None Include="Resources\icon\gotocell.png">
      <Filter>Resource Files</Filter>
    </None>
    <None Include="Resources\icon\icon.png">
      <Filter>Resource Files</Filter>
    </None>
    <None Include="Resources\icon\myappicon.png">
      <Filter>Resource Files</Filter>
    </None>
    <None Include="Resources\icon\new.png">
      <Filter>Resource Files</Filter>
    </None>
    <None Include="Resources\icon\open.png">
      <Filter>Resource Files</Filter>
    </None>
    <None Include="Resources\icon\paste.png">
      <Filter>Resource Files</Filter>
    </None>
    <None Include="Resources\icon\save.png">
      <Filter>Resource Files</Filter>
    </None>
    <None Include="Resources\icon\TOON-XP Icons (V1c) Icon 67.png">
      <Filter>Resource Files</Filter>
    </None>
  </ItemGroup>
  <ItemGroup>
    <ResourceCompile Include="Qt484.rc" />
  </ItemGroup>
</Project>